
Microsoft Visual Studio Solution File, Format Version 12.00
# Visual Studio Version 16
VisualStudioVersion = 16.0.30621.155
MinimumVisualStudioVersion = 10.0.40219.1
Project("{FAE04EC0-301F-11D3-BF4B-00C04F79EFBC}") = "Tamagochi", "Tamagochi\Tamagochi.csproj", "{AACD0B3D-0FAA-46E5-9E70-BE4A708176AA}"
EndProject
Global
	GlobalSection(SolutionConfigurationPlatforms) = preSolution
		Debug|Any CPU = Debug|Any CPU
		Release|Any CPU = Release|Any CPU
	EndGlobalSection
	GlobalSection(ProjectConfigurationPlatforms) = postSolution
		{AACD0B3D-0FAA-46E5-9E70-BE4A708176AA}.Debug|Any CPU.ActiveCfg = Debug|Any CPU
		{AACD0B3D-0FAA-46E5-9E70-BE4A708176AA}.Debug|Any CPU.Build.0 = Debug|Any CPU
		{AACD0B3D-0FAA-46E5-9E70-BE4A708176AA}.Release|Any CPU.ActiveCfg = Release|Any CPU
		{AACD0B3D-0FAA-46E5-9E70-BE4A708176AA}.Release|Any CPU.Build.0 = Release|Any CPU
	EndGlobalSection
	GlobalSection(SolutionProperties) = preSolution
		HideSolutionNode = FALSE
	EndGlobalSection
	GlobalSection(ExtensibilityGlobals) = postSolution
		SolutionGuid = {462E3410-248F-4862-AB6A-A9641A5CABFD}
	EndGlobalSection
EndGlobal
